
Microsoft Visual Studio Solution File, Format Version 12.00
# Visual Studio 15
VisualStudioVersion = 15.0.28307.572
MinimumVisualStudioVersion = 10.0.40219.1
Project("{FAE04EC0-301F-11D3-BF4B-00C04F79EFBC}") = "Curso Alura - Array", "Curso Alura - Array\Curso Alura - Array.csproj", "{499A9575-65EE-4737-8C76-4E763390BAA4}"
EndProject
Project("{FAE04EC0-301F-11D3-BF4B-00C04F79EFBC}") = "Curso Alura - Listas", "Curso Alura - Listas\Curso Alura - Listas.csproj", "{A232F446-E730-4481-BF6E-B005A7362920}"
EndProject
Project("{FAE04EC0-301F-11D3-BF4B-00C04F79EFBC}") = "CursoCsharpReadonlyList", "CursoCsharpReadonlyList\CursoCsharpReadonlyList.csproj", "{3AFC8CEE-90A7-402D-B9E0-690BCF115DB1}"
EndProject
Project("{FAE04EC0-301F-11D3-BF4B-00C04F79EFBC}") = "CursoCsharpSets", "CursoCsharpSets\CursoCsharpSets.csproj", "{9313F5C8-638B-4F3E-8F89-B0102FD1F256}"
EndProject
Global
	GlobalSection(SolutionConfigurationPlatforms) = preSolution
		Debug|Any CPU = Debug|Any CPU
		Release|Any CPU = Release|Any CPU
	EndGlobalSection
	GlobalSection(ProjectConfigurationPlatforms) = postSolution
		{499A9575-65EE-4737-8C76-4E763390BAA4}.Debug|Any CPU.ActiveCfg = Debug|Any CPU
		{499A9575-65EE-4737-8C76-4E763390BAA4}.Debug|Any CPU.Build.0 = Debug|Any CPU
		{499A9575-65EE-4737-8C76-4E763390BAA4}.Release|Any CPU.ActiveCfg = Release|Any CPU
		{499A9575-65EE-4737-8C76-4E763390BAA4}.Release|Any CPU.Build.0 = Release|Any CPU
		{A232F446-E730-4481-BF6E-B005A7362920}.Debug|Any CPU.ActiveCfg = Debug|Any CPU
		{A232F446-E730-4481-BF6E-B005A7362920}.Debug|Any CPU.Build.0 = Debug|Any CPU
		{A232F446-E730-4481-BF6E-B005A7362920}.Release|Any CPU.ActiveCfg = Release|Any CPU
		{A232F446-E730-4481-BF6E-B005A7362920}.Release|Any CPU.Build.0 = Release|Any CPU
		{3AFC8CEE-90A7-402D-B9E0-690BCF115DB1}.Debug|Any CPU.ActiveCfg = Debug|Any CPU
		{3AFC8CEE-90A7-402D-B9E0-690BCF115DB1}.Debug|Any CPU.Build.0 = Debug|Any CPU
		{3AFC8CEE-90A7-402D-B9E0-690BCF115DB1}.Release|Any CPU.ActiveCfg = Release|Any CPU
		{3AFC8CEE-90A7-402D-B9E0-690BCF115DB1}.Release|Any CPU.Build.0 = Release|Any CPU
		{9313F5C8-638B-4F3E-8F89-B0102FD1F256}.Debug|Any CPU.ActiveCfg = Debug|Any CPU
		{9313F5C8-638B-4F3E-8F89-B0102FD1F256}.Debug|Any CPU.Build.0 = Debug|Any CPU
		{9313F5C8-638B-4F3E-8F89-B0102FD1F256}.Release|Any CPU.ActiveCfg = Release|Any CPU
		{9313F5C8-638B-4F3E-8F89-B0102FD1F256}.Release|Any CPU.Build.0 = Release|Any CPU
	EndGlobalSection
	GlobalSection(SolutionProperties) = preSolution
		HideSolutionNode = FALSE
	EndGlobalSection
	GlobalSection(ExtensibilityGlobals) = postSolution
		SolutionGuid = {BDFD6D01-0208-4035-82C4-820BD0FC895E}
	EndGlobalSection
EndGlobal
