
Microsoft Visual Studio Solution File, Format Version 12.00
# Visual Studio 15
VisualStudioVersion = 15.0.28307.572
MinimumVisualStudioVersion = 10.0.40219.1
Project("{FAE04EC0-301F-11D3-BF4B-00C04F79EFBC}") = "Curso Alura - Array", "Curso Alura - Array\Curso Alura - Array.csproj", "{499A9575-65EE-4737-8C76-4E763390BAA4}"
EndProject
Project("{FAE04EC0-301F-11D3-BF4B-00C04F79EFBC}") = "Curso Alura - Listas", "Curso Alura - Listas\Curso Alura - Listas.csproj", "{A232F446-E730-4481-BF6E-B005A7362920}"
EndProject
Project("{FAE04EC0-301F-11D3-BF4B-00C04F79EFBC}") = "CursoCsharpReadonlyList", "CursoCsharpReadonlyList\CursoCsharpReadonlyList.csproj", "{3AFC8CEE-90A7-402D-B9E0-690BCF115DB1}"
EndProject
Project("{FAE04EC0-301F-11D3-BF4B-00C04F79EFBC}") = "CursoCsharpSets", "CursoCsharpSets\CursoCsharpSets.csproj", "{9313F5C8-638B-4F3E-8F89-B0102FD1F256}"
EndProject
Project("{FAE04EC0-301F-11D3-BF4B-00C04F79EFBC}") = "ListaLigada", "ListaLigada\ListaLigada.csproj", "{BB10F551-2E28-4665-81A4-04B3BA2261E8}"
EndProject
Project("{FAE04EC0-301F-11D3-BF4B-00C04F79EFBC}") = "Pilha", "Pilha\Pilha.csproj", "{BC8A2B47-F80E-42A2-A86A-500E9501C3E3}"
EndProject
Project("{FAE04EC0-301F-11D3-BF4B-00C04F79EFBC}") = "Queue", "Queue\Queue.csproj", "{14CE9887-F8A8-4AD9-83CE-24DD221F3F3F}"
EndProject
Project("{FAE04EC0-301F-11D3-BF4B-00C04F79EFBC}") = "OrderedCollections", "OrderedCollections\OrderedCollections.csproj", "{B2685E97-AA32-4136-B362-38269A81F817}"
EndProject
Project("{FAE04EC0-301F-11D3-BF4B-00C04F79EFBC}") = "ArrayMultidimensional", "ArrayMultidimensional\ArrayMultidimensional.csproj", "{213DD1F3-A4C8-4B1A-AFA1-2AFA10B90A24}"
EndProject
Project("{FAE04EC0-301F-11D3-BF4B-00C04F79EFBC}") = "ArrayJagged", "ArrayJagged\ArrayJagged.csproj", "{8A1DB70B-C396-4182-B3F9-724F4D717A64}"
EndProject
Project("{FAE04EC0-301F-11D3-BF4B-00C04F79EFBC}") = "ConsultandoColecoes", "ConsultandoColecoes\ConsultandoColecoes.csproj", "{7407658A-2396-4A3B-BB1B-00832E1EF7A3}"
EndProject
Project("{FAE04EC0-301F-11D3-BF4B-00C04F79EFBC}") = "OperadoresDeConjuntos", "OperadoresDeConjuntos\OperadoresDeConjuntos.csproj", "{463FB12D-4B51-442C-9F80-BB0B84D9BBED}"
EndProject
Project("{FAE04EC0-301F-11D3-BF4B-00C04F79EFBC}") = "Covariancia", "Covariancia\Covariancia.csproj", "{3815DBC4-837B-42B4-83CA-5D4CDD81BBA3}"
EndProject
Project("{FAE04EC0-301F-11D3-BF4B-00C04F79EFBC}") = "LacoForeach", "LacoForeach\LacoForeach.csproj", "{5D342F3D-9797-40A7-AF95-DD9BB6AAB134}"
EndProject
Global
	GlobalSection(SolutionConfigurationPlatforms) = preSolution
		Debug|Any CPU = Debug|Any CPU
		Release|Any CPU = Release|Any CPU
	EndGlobalSection
	GlobalSection(ProjectConfigurationPlatforms) = postSolution
		{499A9575-65EE-4737-8C76-4E763390BAA4}.Debug|Any CPU.ActiveCfg = Debug|Any CPU
		{499A9575-65EE-4737-8C76-4E763390BAA4}.Debug|Any CPU.Build.0 = Debug|Any CPU
		{499A9575-65EE-4737-8C76-4E763390BAA4}.Release|Any CPU.ActiveCfg = Release|Any CPU
		{499A9575-65EE-4737-8C76-4E763390BAA4}.Release|Any CPU.Build.0 = Release|Any CPU
		{A232F446-E730-4481-BF6E-B005A7362920}.Debug|Any CPU.ActiveCfg = Debug|Any CPU
		{A232F446-E730-4481-BF6E-B005A7362920}.Debug|Any CPU.Build.0 = Debug|Any CPU
		{A232F446-E730-4481-BF6E-B005A7362920}.Release|Any CPU.ActiveCfg = Release|Any CPU
		{A232F446-E730-4481-BF6E-B005A7362920}.Release|Any CPU.Build.0 = Release|Any CPU
		{3AFC8CEE-90A7-402D-B9E0-690BCF115DB1}.Debug|Any CPU.ActiveCfg = Debug|Any CPU
		{3AFC8CEE-90A7-402D-B9E0-690BCF115DB1}.Debug|Any CPU.Build.0 = Debug|Any CPU
		{3AFC8CEE-90A7-402D-B9E0-690BCF115DB1}.Release|Any CPU.ActiveCfg = Release|Any CPU
		{3AFC8CEE-90A7-402D-B9E0-690BCF115DB1}.Release|Any CPU.Build.0 = Release|Any CPU
		{9313F5C8-638B-4F3E-8F89-B0102FD1F256}.Debug|Any CPU.ActiveCfg = Debug|Any CPU
		{9313F5C8-638B-4F3E-8F89-B0102FD1F256}.Debug|Any CPU.Build.0 = Debug|Any CPU
		{9313F5C8-638B-4F3E-8F89-B0102FD1F256}.Release|Any CPU.ActiveCfg = Release|Any CPU
		{9313F5C8-638B-4F3E-8F89-B0102FD1F256}.Release|Any CPU.Build.0 = Release|Any CPU
		{BB10F551-2E28-4665-81A4-04B3BA2261E8}.Debug|Any CPU.ActiveCfg = Debug|Any CPU
		{BB10F551-2E28-4665-81A4-04B3BA2261E8}.Debug|Any CPU.Build.0 = Debug|Any CPU
		{BB10F551-2E28-4665-81A4-04B3BA2261E8}.Release|Any CPU.ActiveCfg = Release|Any CPU
		{BB10F551-2E28-4665-81A4-04B3BA2261E8}.Release|Any CPU.Build.0 = Release|Any CPU
		{BC8A2B47-F80E-42A2-A86A-500E9501C3E3}.Debug|Any CPU.ActiveCfg = Debug|Any CPU
		{BC8A2B47-F80E-42A2-A86A-500E9501C3E3}.Debug|Any CPU.Build.0 = Debug|Any CPU
		{BC8A2B47-F80E-42A2-A86A-500E9501C3E3}.Release|Any CPU.ActiveCfg = Release|Any CPU
		{BC8A2B47-F80E-42A2-A86A-500E9501C3E3}.Release|Any CPU.Build.0 = Release|Any CPU
		{14CE9887-F8A8-4AD9-83CE-24DD221F3F3F}.Debug|Any CPU.ActiveCfg = Debug|Any CPU
		{14CE9887-F8A8-4AD9-83CE-24DD221F3F3F}.Debug|Any CPU.Build.0 = Debug|Any CPU
		{14CE9887-F8A8-4AD9-83CE-24DD221F3F3F}.Release|Any CPU.ActiveCfg = Release|Any CPU
		{14CE9887-F8A8-4AD9-83CE-24DD221F3F3F}.Release|Any CPU.Build.0 = Release|Any CPU
		{B2685E97-AA32-4136-B362-38269A81F817}.Debug|Any CPU.ActiveCfg = Debug|Any CPU
		{B2685E97-AA32-4136-B362-38269A81F817}.Debug|Any CPU.Build.0 = Debug|Any CPU
		{B2685E97-AA32-4136-B362-38269A81F817}.Release|Any CPU.ActiveCfg = Release|Any CPU
		{B2685E97-AA32-4136-B362-38269A81F817}.Release|Any CPU.Build.0 = Release|Any CPU
		{213DD1F3-A4C8-4B1A-AFA1-2AFA10B90A24}.Debug|Any CPU.ActiveCfg = Debug|Any CPU
		{213DD1F3-A4C8-4B1A-AFA1-2AFA10B90A24}.Debug|Any CPU.Build.0 = Debug|Any CPU
		{213DD1F3-A4C8-4B1A-AFA1-2AFA10B90A24}.Release|Any CPU.ActiveCfg = Release|Any CPU
		{213DD1F3-A4C8-4B1A-AFA1-2AFA10B90A24}.Release|Any CPU.Build.0 = Release|Any CPU
		{8A1DB70B-C396-4182-B3F9-724F4D717A64}.Debug|Any CPU.ActiveCfg = Debug|Any CPU
		{8A1DB70B-C396-4182-B3F9-724F4D717A64}.Debug|Any CPU.Build.0 = Debug|Any CPU
		{8A1DB70B-C396-4182-B3F9-724F4D717A64}.Release|Any CPU.ActiveCfg = Release|Any CPU
		{8A1DB70B-C396-4182-B3F9-724F4D717A64}.Release|Any CPU.Build.0 = Release|Any CPU
		{7407658A-2396-4A3B-BB1B-00832E1EF7A3}.Debug|Any CPU.ActiveCfg = Debug|Any CPU
		{7407658A-2396-4A3B-BB1B-00832E1EF7A3}.Debug|Any CPU.Build.0 = Debug|Any CPU
		{7407658A-2396-4A3B-BB1B-00832E1EF7A3}.Release|Any CPU.ActiveCfg = Release|Any CPU
		{7407658A-2396-4A3B-BB1B-00832E1EF7A3}.Release|Any CPU.Build.0 = Release|Any CPU
		{463FB12D-4B51-442C-9F80-BB0B84D9BBED}.Debug|Any CPU.ActiveCfg = Debug|Any CPU
		{463FB12D-4B51-442C-9F80-BB0B84D9BBED}.Debug|Any CPU.Build.0 = Debug|Any CPU
		{463FB12D-4B51-442C-9F80-BB0B84D9BBED}.Release|Any CPU.ActiveCfg = Release|Any CPU
		{463FB12D-4B51-442C-9F80-BB0B84D9BBED}.Release|Any CPU.Build.0 = Release|Any CPU
		{3815DBC4-837B-42B4-83CA-5D4CDD81BBA3}.Debug|Any CPU.ActiveCfg = Debug|Any CPU
		{3815DBC4-837B-42B4-83CA-5D4CDD81BBA3}.Debug|Any CPU.Build.0 = Debug|Any CPU
		{3815DBC4-837B-42B4-83CA-5D4CDD81BBA3}.Release|Any CPU.ActiveCfg = Release|Any CPU
		{3815DBC4-837B-42B4-83CA-5D4CDD81BBA3}.Release|Any CPU.Build.0 = Release|Any CPU
		{5D342F3D-9797-40A7-AF95-DD9BB6AAB134}.Debug|Any CPU.ActiveCfg = Debug|Any CPU
		{5D342F3D-9797-40A7-AF95-DD9BB6AAB134}.Debug|Any CPU.Build.0 = Debug|Any CPU
		{5D342F3D-9797-40A7-AF95-DD9BB6AAB134}.Release|Any CPU.ActiveCfg = Release|Any CPU
		{5D342F3D-9797-40A7-AF95-DD9BB6AAB134}.Release|Any CPU.Build.0 = Release|Any CPU
	EndGlobalSection
	GlobalSection(SolutionProperties) = preSolution
		HideSolutionNode = FALSE
	EndGlobalSection
	GlobalSection(ExtensibilityGlobals) = postSolution
		SolutionGuid = {BDFD6D01-0208-4035-82C4-820BD0FC895E}
	EndGlobalSection
EndGlobal
